
Microsoft Visual Studio Solution File, Format Version 12.00
# Visual Studio Version 17
VisualStudioVersion = 17.2.32630.192
MinimumVisualStudioVersion = 10.0.40219.1
Project("{FAE04EC0-301F-11D3-BF4B-00C04F79EFBC}") = "BilgeAdam.Automation", "BilgeAdam.Automation\BilgeAdam.Automation.csproj", "{A641C269-59BE-4A29-96AC-C0552E905366}"
EndProject
Project("{FAE04EC0-301F-11D3-BF4B-00C04F79EFBC}") = "BilgeAdam.Automation.Tests", "BilgeAdam.Automation.Tests\BilgeAdam.Automation.Tests.csproj", "{E15ACE5C-6B39-49FA-AA53-7B0E6FC54017}"
EndProject
Global
	GlobalSection(SolutionConfigurationPlatforms) = preSolution
		Debug|Any CPU = Debug|Any CPU
		Release|Any CPU = Release|Any CPU
	EndGlobalSection
	GlobalSection(ProjectConfigurationPlatforms) = postSolution
		{A641C269-59BE-4A29-96AC-C0552E905366}.Debug|Any CPU.ActiveCfg = Debug|Any CPU
		{A641C269-59BE-4A29-96AC-C0552E905366}.Debug|Any CPU.Build.0 = Debug|Any CPU
		{A641C269-59BE-4A29-96AC-C0552E905366}.Release|Any CPU.ActiveCfg = Release|Any CPU
		{A641C269-59BE-4A29-96AC-C0552E905366}.Release|Any CPU.Build.0 = Release|Any CPU
		{E15ACE5C-6B39-49FA-AA53-7B0E6FC54017}.Debug|Any CPU.ActiveCfg = Debug|Any CPU
		{E15ACE5C-6B39-49FA-AA53-7B0E6FC54017}.Debug|Any CPU.Build.0 = Debug|Any CPU
		{E15ACE5C-6B39-49FA-AA53-7B0E6FC54017}.Release|Any CPU.ActiveCfg = Release|Any CPU
		{E15ACE5C-6B39-49FA-AA53-7B0E6FC54017}.Release|Any CPU.Build.0 = Release|Any CPU
	EndGlobalSection
	GlobalSection(SolutionProperties) = preSolution
		HideSolutionNode = FALSE
	EndGlobalSection
	GlobalSection(ExtensibilityGlobals) = postSolution
		SolutionGuid = {FC634A03-B7B7-44CA-B4D7-1F4667CDE6F4}
	EndGlobalSection
EndGlobal
